
Microsoft Visual Studio Solution File, Format Version 12.00
# Visual Studio Version 18
VisualStudioVersion = 18.0.11116.177
MinimumVisualStudioVersion = 10.0.40219.1
Project("{2150E333-8FDC-42A3-9474-1A3956D46DE8}") = "src", "src", "{4D9246A6-238E-40FF-953B-11784C4466BD}"
EndProject
Project("{2150E333-8FDC-42A3-9474-1A3956D46DE8}") = "Modules", "Modules", "{359420E6-514C-4E5B-80E8-58B873BD4924}"
EndProject
Project("{2150E333-8FDC-42A3-9474-1A3956D46DE8}") = "Account", "Account", "{C963E172-0918-49E5-805D-FE49C8970556}"
EndProject
Project("{2150E333-8FDC-42A3-9474-1A3956D46DE8}") = "External", "External", "{9C1C28C6-6905-41EB-89AF-435027D58A45}"
EndProject
Project("{2150E333-8FDC-42A3-9474-1A3956D46DE8}") = "Core", "Core", "{D0B84A11-FDFD-4A3F-96E8-EBB63C19489D}"
EndProject
Project("{9A19103F-16F7-4668-BE54-9A1E7A4F7556}") = "TN.Account.Application", "TN.Account.Application\TN.Account.Application.csproj", "{DB615900-653C-4EBC-9058-139CEC72F85E}"
EndProject
Project("{9A19103F-16F7-4668-BE54-9A1E7A4F7556}") = "TN.Account.Infrastructure", "TN.Account.Infrastructure\TN.Account.Infrastructure.csproj", "{72FA9DE5-B25D-42A6-B526-C3D347B92623}"
EndProject
Project("{2150E333-8FDC-42A3-9474-1A3956D46DE8}") = "Inventory", "Inventory", "{F9319509-E221-4E18-86FC-221DFD742EA2}"
EndProject
Project("{2150E333-8FDC-42A3-9474-1A3956D46DE8}") = "Core", "Core", "{F9616807-9D67-49E8-94BC-FFDE24AD0E82}"
EndProject
Project("{2150E333-8FDC-42A3-9474-1A3956D46DE8}") = "External", "External", "{B62D8DB8-8FB1-486C-971E-D3BAB9BE354A}"
EndProject
Project("{9A19103F-16F7-4668-BE54-9A1E7A4F7556}") = "TN.Inventory.Application", "TN.Inventory.Application\TN.Inventory.Application.csproj", "{40ED97AB-7555-4AC1-BD40-CD0B9B78A0C0}"
EndProject
Project("{9A19103F-16F7-4668-BE54-9A1E7A4F7556}") = "TN.Inventory.Infrastructure", "TN.Inventory.Infrastructure\TN.Inventory.Infrastructure.csproj", "{3A995408-D107-4D68-870A-F0AE75B88E06}"
EndProject
Project("{2150E333-8FDC-42A3-9474-1A3956D46DE8}") = "Shared", "Shared", "{2A6A18DB-5203-4EEC-87F0-5DD584016B04}"
	ProjectSection(SolutionItems) = preProject
		TN.Account.Application\AssemblyReferences.cs = TN.Account.Application\AssemblyReferences.cs
	EndProjectSection
EndProject
Project("{2150E333-8FDC-42A3-9474-1A3956D46DE8}") = "Web", "Web", "{329DF3D6-ACD8-4C9A-BF34-11EDC54D973B}"
EndProject
Project("{9A19103F-16F7-4668-BE54-9A1E7A4F7556}") = "TN.Web", "TN.Web\TN.Web.csproj", "{B3C5BE05-5C18-43E5-B0C5-E4CAFD9D5A8F}"
EndProject
Project("{2150E333-8FDC-42A3-9474-1A3956D46DE8}") = "Core", "Core", "{9C014C84-77B9-4F3E-B448-F6903E112D4E}"
EndProject
Project("{2150E333-8FDC-42A3-9474-1A3956D46DE8}") = "External", "External", "{E518B507-223A-4F56-B237-3DF182992D9A}"
EndProject
Project("{9A19103F-16F7-4668-BE54-9A1E7A4F7556}") = "TN.Shared.Domain", "TN.Shared.Domain\TN.Shared.Domain.csproj", "{FB47C384-94DF-4F48-9CF4-33BEBBD36745}"
EndProject
Project("{9A19103F-16F7-4668-BE54-9A1E7A4F7556}") = "TN.Shared.Infrastructure", "TN.Shared.Infrastructure\TN.Shared.Infrastructure.csproj", "{A4FB2553-E538-459F-AE45-07A746058018}"
EndProject
Project("{2150E333-8FDC-42A3-9474-1A3956D46DE8}") = "Authentication", "Authentication", "{F37D76DC-9CF1-49DA-9CF5-93CDE72A85CE}"
EndProject
Project("{2150E333-8FDC-42A3-9474-1A3956D46DE8}") = "Core", "Core", "{7CDF4D8C-E685-4BA7-8A3E-9FA39C7931D5}"
EndProject
Project("{2150E333-8FDC-42A3-9474-1A3956D46DE8}") = "External", "External", "{8271CDD0-CC92-45F6-8786-78EE3DB81F16}"
EndProject
Project("{9A19103F-16F7-4668-BE54-9A1E7A4F7556}") = "TN.Authentication.Application", "TN.Authentication.Application\TN.Authentication.Application.csproj", "{DA524C51-8FFB-4336-A2BE-FC4110D4E3AE}"
EndProject
Project("{9A19103F-16F7-4668-BE54-9A1E7A4F7556}") = "TN.Authentication.Infrastructure", "TN.Authentication.Infrastructure\TN.Authentication.Infrastructure.csproj", "{B7D353A1-E98B-4227-86EF-E35E384D8E04}"
EndProject
Project("{2150E333-8FDC-42A3-9474-1A3956D46DE8}") = "Setup", "Setup", "{7203D038-BFD5-4567-AB29-BF1F5D9D1185}"
EndProject
Project("{2150E333-8FDC-42A3-9474-1A3956D46DE8}") = "Core", "Core", "{EB8192AF-9010-45B3-A0A7-9DB339ED97F6}"
EndProject
Project("{2150E333-8FDC-42A3-9474-1A3956D46DE8}") = "External", "External", "{ADA2C037-1F69-4E5D-9EA1-D175502D236E}"
EndProject
Project("{9A19103F-16F7-4668-BE54-9A1E7A4F7556}") = "TN.Setup.Application", "TN.Setup.Application\TN.Setup.Application.csproj", "{BCECACC0-1B3E-496F-A5AC-78FF76C53E0C}"
EndProject
Project("{9A19103F-16F7-4668-BE54-9A1E7A4F7556}") = "TN.Setup.Infrastructure", "TN.Setup.Infrastructure\TN.Setup.Infrastructure.csproj", "{03176788-78C7-48A3-A21D-4159187490B7}"
EndProject
Project("{2150E333-8FDC-42A3-9474-1A3956D46DE8}") = "Sales", "Sales", "{D4331BE4-415E-4D8D-9B1B-C6150011D52E}"
EndProject
Project("{2150E333-8FDC-42A3-9474-1A3956D46DE8}") = "Payment", "Payment", "{F9A03605-6384-459F-91FC-AE0E606F18EA}"
EndProject
Project("{2150E333-8FDC-42A3-9474-1A3956D46DE8}") = "Reports", "Reports", "{A24A7B93-7FE8-4999-80CD-60FBA5292E23}"
EndProject
Project("{2150E333-8FDC-42A3-9474-1A3956D46DE8}") = "Core", "Core", "{21A11554-BC77-4382-8005-C5B37EC5F28F}"
EndProject
Project("{2150E333-8FDC-42A3-9474-1A3956D46DE8}") = "External", "External", "{D8A78EC9-3121-4B46-8639-3E79AD0E52D4}"
EndProject
Project("{2150E333-8FDC-42A3-9474-1A3956D46DE8}") = "Core", "Core", "{CCC27474-1879-4627-AD58-23AFEC0C87C3}"
EndProject
Project("{2150E333-8FDC-42A3-9474-1A3956D46DE8}") = "External", "External", "{46126D8D-5952-448D-881D-6D838AA1BAD9}"
EndProject
Project("{2150E333-8FDC-42A3-9474-1A3956D46DE8}") = "Purchase", "Purchase", "{21F1B470-B4C1-482C-A62C-B5B78F4B6E36}"
EndProject
Project("{2150E333-8FDC-42A3-9474-1A3956D46DE8}") = "Core", "Core", "{00C0276C-6534-409C-ADE0-3ACB8EE18D61}"
EndProject
Project("{2150E333-8FDC-42A3-9474-1A3956D46DE8}") = "External", "External", "{6E4C0F38-8635-4C23-84DA-54E450465C94}"
EndProject
Project("{9A19103F-16F7-4668-BE54-9A1E7A4F7556}") = "TN.Purchase.Application", "TN.Purchase.Application\TN.Purchase.Application.csproj", "{E1B82B1A-CD48-4F11-A5FC-E9A1A33A4D56}"
EndProject
Project("{9A19103F-16F7-4668-BE54-9A1E7A4F7556}") = "TN.Purchase.Infrastructure", "TN.Purchase.Infrastructure\TN.Purchase.Infrastructure.csproj", "{EEE26754-4018-43FB-9633-95AB5194F82A}"
EndProject
Project("{9A19103F-16F7-4668-BE54-9A1E7A4F7556}") = "TN.Shared.Application", "TN.Shared.Application\TN.Shared.Application.csproj", "{550F6C2C-0B66-4C3E-B4F0-1B0A63E666BD}"
EndProject
Project("{9A19103F-16F7-4668-BE54-9A1E7A4F7556}") = "TN.Sales.Application", "TN.Sales.Application\TN.Sales.Application.csproj", "{8A39C01C-FAC3-4045-A64F-577B259A8134}"
EndProject
Project("{9A19103F-16F7-4668-BE54-9A1E7A4F7556}") = "TN.Sales.Infrastructure", "TN.Sales.Infrastructure\TN.Sales.Infrastructure.csproj", "{F84142B0-5AEE-449E-A53B-7234D737F695}"
EndProject
Project("{9A19103F-16F7-4668-BE54-9A1E7A4F7556}") = "TN.Reports.Application", "Tn.Reports.Application\TN.Reports.Application.csproj", "{7CE75FB3-5020-49CF-B18B-D1BA88663484}"
EndProject
Project("{9A19103F-16F7-4668-BE54-9A1E7A4F7556}") = "TN.Reports.Infrastructure", "TN.Reports.Infrastructure\TN.Reports.Infrastructure.csproj", "{ADD94D0E-EEAF-4054-93A6-D5677A6C20E8}"
EndProject
Project("{2150E333-8FDC-42A3-9474-1A3956D46DE8}") = "Core", "Core", "{29EA3DF0-A3FD-4A01-B070-068C4A5F47A6}"
EndProject
Project("{2150E333-8FDC-42A3-9474-1A3956D46DE8}") = "External", "External", "{70241493-D368-4C25-B956-B08AB646B08C}"
EndProject
Project("{9A19103F-16F7-4668-BE54-9A1E7A4F7556}") = "NV.Payment.Infrastructure", "NV.Payment.Infrastructure\NV.Payment.Infrastructure.csproj", "{10478A77-047B-43EC-894A-32AF45A94ACD}"
EndProject
Project("{2150E333-8FDC-42A3-9474-1A3956D46DE8}") = "Transactions", "Transactions", "{4733CF89-8D13-4879-BDCD-61B8D3603816}"
EndProject
Project("{2150E333-8FDC-42A3-9474-1A3956D46DE8}") = "Core", "Core", "{8AB6050D-BF5E-4D46-A0A2-E52C665532D3}"
EndProject
Project("{2150E333-8FDC-42A3-9474-1A3956D46DE8}") = "External", "External", "{C53B2ED6-7AE9-4B7F-84D8-D06D49FB77E9}"
EndProject
Project("{FAE04EC0-301F-11D3-BF4B-00C04F79EFBC}") = "TN.Transactions.Application", "TN.Transactions.Application\TN.Transactions.Application.csproj", "{764C4D60-E1D8-4126-958D-1D9A6CD61F2C}"
EndProject
Project("{FAE04EC0-301F-11D3-BF4B-00C04F79EFBC}") = "TN.Transactions.Infrastructure", "TN.Transactions.Infrastructure\TN.Transactions.Infrastructure.csproj", "{6FE685F3-BB17-4A82-BA8F-32B848113316}"
EndProject
Project("{FAE04EC0-301F-11D3-BF4B-00C04F79EFBC}") = "NV.Payment.Application", "NV.Payment.Application\NV.Payment.Application.csproj", "{8D236C1B-DFFE-4DEA-9D51-F81171AB864B}"
EndProject
Project("{2150E333-8FDC-42A3-9474-1A3956D46DE8}") = "Students", "Students", "{02EA681E-C7D8-13C7-8484-4AC65E1B71E8}"
EndProject
Project("{2150E333-8FDC-42A3-9474-1A3956D46DE8}") = "Core", "Core", "{56CDDCAA-C44F-48AC-A82B-79EF2095D4C2}"
EndProject
Project("{2150E333-8FDC-42A3-9474-1A3956D46DE8}") = "External", "External", "{15E42FB8-112F-4714-8A71-49400C5574DC}"
EndProject
Project("{2150E333-8FDC-42A3-9474-1A3956D46DE8}") = "Academics", "Academics", "{A913D57E-9E6F-4911-9868-CBDD04A9B68C}"
EndProject
Project("{2150E333-8FDC-42A3-9474-1A3956D46DE8}") = "Finance", "Finance", "{62B2C059-0C2A-4E47-9AA1-7242B36C1925}"
EndProject
Project("{2150E333-8FDC-42A3-9474-1A3956D46DE8}") = "Attandences", "Attandences", "{B97C7C07-DEC4-4F02-A30E-ACA077CC79F1}"
EndProject
Project("{2150E333-8FDC-42A3-9474-1A3956D46DE8}") = "Core", "Core", "{B6204D3B-A089-4758-A8BD-247743E3EE51}"
EndProject
Project("{2150E333-8FDC-42A3-9474-1A3956D46DE8}") = "External", "External", "{AEC56256-0877-4B55-8642-CAB76EA99E53}"
EndProject
Project("{2150E333-8FDC-42A3-9474-1A3956D46DE8}") = "Core", "Core", "{BF74F28D-7B8F-4E54-83C5-5C6DA8CBF7D2}"
EndProject
Project("{2150E333-8FDC-42A3-9474-1A3956D46DE8}") = "External", "External", "{41F2BEBE-C394-47F8-82E6-BC7F7F193EB0}"
EndProject
Project("{2150E333-8FDC-42A3-9474-1A3956D46DE8}") = "Core", "Core", "{9F6196A1-2EF8-49B2-823D-F9C255BEED0C}"
EndProject
Project("{2150E333-8FDC-42A3-9474-1A3956D46DE8}") = "External", "External", "{95E6CF85-A76C-4E45-AC01-EDA01E4389EE}"
EndProject
Project("{FAE04EC0-301F-11D3-BF4B-00C04F79EFBC}") = "ES.Finances.Application", "ES.Finances.Application\ES.Finances.Application.csproj", "{865406D2-50E9-4577-8EC8-D9C3D42DC170}"
EndProject
Project("{FAE04EC0-301F-11D3-BF4B-00C04F79EFBC}") = "ES.Finances.Infrastructure", "ES.Finances.Infrastructure\ES.Finances.Infrastructure.csproj", "{C7BB91E8-A075-4256-9E34-CD8F3CE35DD7}"
EndProject
Project("{FAE04EC0-301F-11D3-BF4B-00C04F79EFBC}") = "ES.Student.Application", "ES.Student.Application\ES.Student.Application.csproj", "{D70C7CB0-1BF7-44F4-9A77-ABD48071606C}"
EndProject
Project("{FAE04EC0-301F-11D3-BF4B-00C04F79EFBC}") = "ES.Student.Infrastructure", "ES.Student.Infrastructure\ES.Student.Infrastructure.csproj", "{E4060E0E-0012-4057-AF06-AE0BA50A913C}"
EndProject
Project("{FAE04EC0-301F-11D3-BF4B-00C04F79EFBC}") = "ES.Academics.Application", "ES.Academics.Application\ES.Academics.Application.csproj", "{8227FB59-7486-495F-BF25-8D760439AB86}"
EndProject
Project("{FAE04EC0-301F-11D3-BF4B-00C04F79EFBC}") = "ES.Academics.Infrastructure", "ES.Academics.Infrastructure\ES.Academics.Infrastructure.csproj", "{F7AF5276-77D2-459F-B0C8-CFFFE59F1FB6}"
EndProject
Project("{FAE04EC0-301F-11D3-BF4B-00C04F79EFBC}") = "ES.Attendance.Application", "ES.Attendance.Application\ES.Attendance.Application.csproj", "{5F1D32CF-7121-4E5E-A99F-F43A06E651BB}"
EndProject
Project("{FAE04EC0-301F-11D3-BF4B-00C04F79EFBC}") = "ES.Attendance.Infrastructure", "ES.Attendance.Infrastructure\ES.Attendance.Infrastructure.csproj", "{DA02616F-75DB-442D-9E48-D0C5B20A233D}"
EndProject
Project("{2150E333-8FDC-42A3-9474-1A3956D46DE8}") = "Test", "Test", "{8BDD02A5-028B-49E6-9BD2-7A8A8ACF7B37}"
EndProject
Project("{FAE04EC0-301F-11D3-BF4B-00C04F79EFBC}") = "ES.Application.Test", "ES.Application.Test\ES.Application.Test.csproj", "{1073876C-A649-444F-B23C-1C35ED6EB853}"
EndProject
Project("{FAE04EC0-301F-11D3-BF4B-00C04F79EFBC}") = "ES.Infrastructure.Test", "ES.Infrastructure.Test\ES.Infrastructure.Test.csproj", "{86107A1C-07F9-4E36-A48A-8D35920C757B}"
EndProject
Project("{FAE04EC0-301F-11D3-BF4B-00C04F79EFBC}") = "ES.Domain.Test", "ES.Domain.Test\ES.Domain.Test.csproj", "{40AF6EB7-4BB9-44E1-82C6-BAD4602AE529}"
EndProject
Project("{2150E333-8FDC-42A3-9474-1A3956D46DE8}") = "Certificate", "Certificate", "{2871185B-2FB2-400F-BC69-EF77C392E4DD}"
EndProject
Project("{2150E333-8FDC-42A3-9474-1A3956D46DE8}") = "Core", "Core", "{E9E40BD9-EB40-4244-B548-25ECEF1ADC4C}"
EndProject
Project("{2150E333-8FDC-42A3-9474-1A3956D46DE8}") = "External", "External", "{B207B629-865B-4B70-9F39-B7944DCBB395}"
EndProject
Project("{FAE04EC0-301F-11D3-BF4B-00C04F79EFBC}") = "ES.Certificate.Infrastructure", "ES.Certificate.Infrastructure\ES.Certificate.Infrastructure.csproj", "{BA8CAC39-C583-4A0F-AD75-86C76EEDB927}"
EndProject
Project("{FAE04EC0-301F-11D3-BF4B-00C04F79EFBC}") = "ES.Certificate.Application", "ES.Certificate.Application\ES.Certificate.Application.csproj", "{7668105B-C9FD-1522-1A8C-771967F97B9F}"
EndProject
Project("{2150E333-8FDC-42A3-9474-1A3956D46DE8}") = "Staff", "Staff", "{D571EF1D-929B-4E3A-8E45-FE5247C65B75}"
EndProject
Project("{2150E333-8FDC-42A3-9474-1A3956D46DE8}") = "Core", "Core", "{8F687769-7184-479F-B060-66CAB97DECE6}"
EndProject
Project("{2150E333-8FDC-42A3-9474-1A3956D46DE8}") = "External", "External", "{E50227DA-6C23-4D0D-9357-E10BB3B4F9FD}"
EndProject
Project("{FAE04EC0-301F-11D3-BF4B-00C04F79EFBC}") = "ES.Staff.Application", "ES.Staff.Application\ES.Staff.Application.csproj", "{2557CD73-9B0F-44C6-A5E6-0764BCB2404F}"
EndProject
Project("{FAE04EC0-301F-11D3-BF4B-00C04F79EFBC}") = "ES.Staff.Infrastructure", "ES.Staff.Infrastructure\ES.Staff.Infrastructure.csproj", "{DD60F8A3-3A76-4B58-B27A-5F3D18102DDE}"
EndProject
Project("{2150E333-8FDC-42A3-9474-1A3956D46DE8}") = "Communication", "Communication", "{0A5BA4F7-BFF1-4DAB-8CF5-406C633B7988}"
EndProject
Project("{2150E333-8FDC-42A3-9474-1A3956D46DE8}") = "Core", "Core", "{4A9DB05F-02F5-4864-96DB-621BEE25467C}"
EndProject
Project("{2150E333-8FDC-42A3-9474-1A3956D46DE8}") = "External", "External", "{7345DFF4-FA8B-426B-8979-D5B179B7F4B0}"
EndProject
Project("{FAE04EC0-301F-11D3-BF4B-00C04F79EFBC}") = "ES.Communication.Application", "ES.Communication.Application\ES.Communication.Application.csproj", "{C1636A44-0622-4B5F-9D13-EDDE2A43E9B9}"
EndProject
Project("{FAE04EC0-301F-11D3-BF4B-00C04F79EFBC}") = "ES.Communication.Infrastructure", "ES.Communication.Infrastructure\ES.Communication.Infrastructure.csproj", "{247756E5-4269-4989-AA81-6EFF488A4266}"
EndProject
Global
	GlobalSection(SolutionConfigurationPlatforms) = preSolution
		Debug|Any CPU = Debug|Any CPU
		Release|Any CPU = Release|Any CPU
	EndGlobalSection
	GlobalSection(ProjectConfigurationPlatforms) = postSolution
		{DB615900-653C-4EBC-9058-139CEC72F85E}.Debug|Any CPU.ActiveCfg = Debug|Any CPU
		{DB615900-653C-4EBC-9058-139CEC72F85E}.Debug|Any CPU.Build.0 = Debug|Any CPU
		{DB615900-653C-4EBC-9058-139CEC72F85E}.Release|Any CPU.ActiveCfg = Release|Any CPU
		{DB615900-653C-4EBC-9058-139CEC72F85E}.Release|Any CPU.Build.0 = Release|Any CPU
		{72FA9DE5-B25D-42A6-B526-C3D347B92623}.Debug|Any CPU.ActiveCfg = Debug|Any CPU
		{72FA9DE5-B25D-42A6-B526-C3D347B92623}.Debug|Any CPU.Build.0 = Debug|Any CPU
		{72FA9DE5-B25D-42A6-B526-C3D347B92623}.Release|Any CPU.ActiveCfg = Release|Any CPU
		{72FA9DE5-B25D-42A6-B526-C3D347B92623}.Release|Any CPU.Build.0 = Release|Any CPU
		{40ED97AB-7555-4AC1-BD40-CD0B9B78A0C0}.Debug|Any CPU.ActiveCfg = Debug|Any CPU
		{40ED97AB-7555-4AC1-BD40-CD0B9B78A0C0}.Debug|Any CPU.Build.0 = Debug|Any CPU
		{40ED97AB-7555-4AC1-BD40-CD0B9B78A0C0}.Release|Any CPU.ActiveCfg = Release|Any CPU
		{40ED97AB-7555-4AC1-BD40-CD0B9B78A0C0}.Release|Any CPU.Build.0 = Release|Any CPU
		{3A995408-D107-4D68-870A-F0AE75B88E06}.Debug|Any CPU.ActiveCfg = Debug|Any CPU
		{3A995408-D107-4D68-870A-F0AE75B88E06}.Debug|Any CPU.Build.0 = Debug|Any CPU
		{3A995408-D107-4D68-870A-F0AE75B88E06}.Release|Any CPU.ActiveCfg = Release|Any CPU
		{3A995408-D107-4D68-870A-F0AE75B88E06}.Release|Any CPU.Build.0 = Release|Any CPU
		{B3C5BE05-5C18-43E5-B0C5-E4CAFD9D5A8F}.Debug|Any CPU.ActiveCfg = Debug|Any CPU
		{B3C5BE05-5C18-43E5-B0C5-E4CAFD9D5A8F}.Debug|Any CPU.Build.0 = Debug|Any CPU
		{B3C5BE05-5C18-43E5-B0C5-E4CAFD9D5A8F}.Release|Any CPU.ActiveCfg = Release|Any CPU
		{B3C5BE05-5C18-43E5-B0C5-E4CAFD9D5A8F}.Release|Any CPU.Build.0 = Release|Any CPU
		{FB47C384-94DF-4F48-9CF4-33BEBBD36745}.Debug|Any CPU.ActiveCfg = Debug|Any CPU
		{FB47C384-94DF-4F48-9CF4-33BEBBD36745}.Debug|Any CPU.Build.0 = Debug|Any CPU
		{FB47C384-94DF-4F48-9CF4-33BEBBD36745}.Release|Any CPU.ActiveCfg = Release|Any CPU
		{FB47C384-94DF-4F48-9CF4-33BEBBD36745}.Release|Any CPU.Build.0 = Release|Any CPU
		{A4FB2553-E538-459F-AE45-07A746058018}.Debug|Any CPU.ActiveCfg = Debug|Any CPU
		{A4FB2553-E538-459F-AE45-07A746058018}.Debug|Any CPU.Build.0 = Debug|Any CPU
		{A4FB2553-E538-459F-AE45-07A746058018}.Release|Any CPU.ActiveCfg = Release|Any CPU
		{A4FB2553-E538-459F-AE45-07A746058018}.Release|Any CPU.Build.0 = Release|Any CPU
		{DA524C51-8FFB-4336-A2BE-FC4110D4E3AE}.Debug|Any CPU.ActiveCfg = Debug|Any CPU
		{DA524C51-8FFB-4336-A2BE-FC4110D4E3AE}.Debug|Any CPU.Build.0 = Debug|Any CPU
		{DA524C51-8FFB-4336-A2BE-FC4110D4E3AE}.Release|Any CPU.ActiveCfg = Release|Any CPU
		{DA524C51-8FFB-4336-A2BE-FC4110D4E3AE}.Release|Any CPU.Build.0 = Release|Any CPU
		{B7D353A1-E98B-4227-86EF-E35E384D8E04}.Debug|Any CPU.ActiveCfg = Debug|Any CPU
		{B7D353A1-E98B-4227-86EF-E35E384D8E04}.Debug|Any CPU.Build.0 = Debug|Any CPU
		{B7D353A1-E98B-4227-86EF-E35E384D8E04}.Release|Any CPU.ActiveCfg = Release|Any CPU
		{B7D353A1-E98B-4227-86EF-E35E384D8E04}.Release|Any CPU.Build.0 = Release|Any CPU
		{BCECACC0-1B3E-496F-A5AC-78FF76C53E0C}.Debug|Any CPU.ActiveCfg = Debug|Any CPU
		{BCECACC0-1B3E-496F-A5AC-78FF76C53E0C}.Debug|Any CPU.Build.0 = Debug|Any CPU
		{BCECACC0-1B3E-496F-A5AC-78FF76C53E0C}.Release|Any CPU.ActiveCfg = Release|Any CPU
		{BCECACC0-1B3E-496F-A5AC-78FF76C53E0C}.Release|Any CPU.Build.0 = Release|Any CPU
		{03176788-78C7-48A3-A21D-4159187490B7}.Debug|Any CPU.ActiveCfg = Debug|Any CPU
		{03176788-78C7-48A3-A21D-4159187490B7}.Debug|Any CPU.Build.0 = Debug|Any CPU
		{03176788-78C7-48A3-A21D-4159187490B7}.Release|Any CPU.ActiveCfg = Release|Any CPU
		{03176788-78C7-48A3-A21D-4159187490B7}.Release|Any CPU.Build.0 = Release|Any CPU
		{E1B82B1A-CD48-4F11-A5FC-E9A1A33A4D56}.Debug|Any CPU.ActiveCfg = Debug|Any CPU
		{E1B82B1A-CD48-4F11-A5FC-E9A1A33A4D56}.Debug|Any CPU.Build.0 = Debug|Any CPU
		{E1B82B1A-CD48-4F11-A5FC-E9A1A33A4D56}.Release|Any CPU.ActiveCfg = Release|Any CPU
		{E1B82B1A-CD48-4F11-A5FC-E9A1A33A4D56}.Release|Any CPU.Build.0 = Release|Any CPU
		{EEE26754-4018-43FB-9633-95AB5194F82A}.Debug|Any CPU.ActiveCfg = Debug|Any CPU
		{EEE26754-4018-43FB-9633-95AB5194F82A}.Debug|Any CPU.Build.0 = Debug|Any CPU
		{EEE26754-4018-43FB-9633-95AB5194F82A}.Release|Any CPU.ActiveCfg = Release|Any CPU
		{EEE26754-4018-43FB-9633-95AB5194F82A}.Release|Any CPU.Build.0 = Release|Any CPU
		{550F6C2C-0B66-4C3E-B4F0-1B0A63E666BD}.Debug|Any CPU.ActiveCfg = Debug|Any CPU
		{550F6C2C-0B66-4C3E-B4F0-1B0A63E666BD}.Debug|Any CPU.Build.0 = Debug|Any CPU
		{550F6C2C-0B66-4C3E-B4F0-1B0A63E666BD}.Release|Any CPU.ActiveCfg = Release|Any CPU
		{550F6C2C-0B66-4C3E-B4F0-1B0A63E666BD}.Release|Any CPU.Build.0 = Release|Any CPU
		{8A39C01C-FAC3-4045-A64F-577B259A8134}.Debug|Any CPU.ActiveCfg = Debug|Any CPU
		{8A39C01C-FAC3-4045-A64F-577B259A8134}.Debug|Any CPU.Build.0 = Debug|Any CPU
		{8A39C01C-FAC3-4045-A64F-577B259A8134}.Release|Any CPU.ActiveCfg = Release|Any CPU
		{8A39C01C-FAC3-4045-A64F-577B259A8134}.Release|Any CPU.Build.0 = Release|Any CPU
		{F84142B0-5AEE-449E-A53B-7234D737F695}.Debug|Any CPU.ActiveCfg = Debug|Any CPU
		{F84142B0-5AEE-449E-A53B-7234D737F695}.Debug|Any CPU.Build.0 = Debug|Any CPU
		{F84142B0-5AEE-449E-A53B-7234D737F695}.Release|Any CPU.ActiveCfg = Release|Any CPU
		{F84142B0-5AEE-449E-A53B-7234D737F695}.Release|Any CPU.Build.0 = Release|Any CPU
		{7CE75FB3-5020-49CF-B18B-D1BA88663484}.Debug|Any CPU.ActiveCfg = Debug|Any CPU
		{7CE75FB3-5020-49CF-B18B-D1BA88663484}.Debug|Any CPU.Build.0 = Debug|Any CPU
		{7CE75FB3-5020-49CF-B18B-D1BA88663484}.Release|Any CPU.ActiveCfg = Release|Any CPU
		{7CE75FB3-5020-49CF-B18B-D1BA88663484}.Release|Any CPU.Build.0 = Release|Any CPU
		{ADD94D0E-EEAF-4054-93A6-D5677A6C20E8}.Debug|Any CPU.ActiveCfg = Debug|Any CPU
		{ADD94D0E-EEAF-4054-93A6-D5677A6C20E8}.Debug|Any CPU.Build.0 = Debug|Any CPU
		{ADD94D0E-EEAF-4054-93A6-D5677A6C20E8}.Release|Any CPU.ActiveCfg = Release|Any CPU
		{ADD94D0E-EEAF-4054-93A6-D5677A6C20E8}.Release|Any CPU.Build.0 = Release|Any CPU
		{10478A77-047B-43EC-894A-32AF45A94ACD}.Debug|Any CPU.ActiveCfg = Debug|Any CPU
		{10478A77-047B-43EC-894A-32AF45A94ACD}.Debug|Any CPU.Build.0 = Debug|Any CPU
		{10478A77-047B-43EC-894A-32AF45A94ACD}.Release|Any CPU.ActiveCfg = Release|Any CPU
		{10478A77-047B-43EC-894A-32AF45A94ACD}.Release|Any CPU.Build.0 = Release|Any CPU
		{764C4D60-E1D8-4126-958D-1D9A6CD61F2C}.Debug|Any CPU.ActiveCfg = Debug|Any CPU
		{764C4D60-E1D8-4126-958D-1D9A6CD61F2C}.Debug|Any CPU.Build.0 = Debug|Any CPU
		{764C4D60-E1D8-4126-958D-1D9A6CD61F2C}.Release|Any CPU.ActiveCfg = Release|Any CPU
		{764C4D60-E1D8-4126-958D-1D9A6CD61F2C}.Release|Any CPU.Build.0 = Release|Any CPU
		{6FE685F3-BB17-4A82-BA8F-32B848113316}.Debug|Any CPU.ActiveCfg = Debug|Any CPU
		{6FE685F3-BB17-4A82-BA8F-32B848113316}.Debug|Any CPU.Build.0 = Debug|Any CPU
		{6FE685F3-BB17-4A82-BA8F-32B848113316}.Release|Any CPU.ActiveCfg = Release|Any CPU
		{6FE685F3-BB17-4A82-BA8F-32B848113316}.Release|Any CPU.Build.0 = Release|Any CPU
		{8D236C1B-DFFE-4DEA-9D51-F81171AB864B}.Debug|Any CPU.ActiveCfg = Debug|Any CPU
		{8D236C1B-DFFE-4DEA-9D51-F81171AB864B}.Debug|Any CPU.Build.0 = Debug|Any CPU
		{8D236C1B-DFFE-4DEA-9D51-F81171AB864B}.Release|Any CPU.ActiveCfg = Release|Any CPU
		{8D236C1B-DFFE-4DEA-9D51-F81171AB864B}.Release|Any CPU.Build.0 = Release|Any CPU
		{865406D2-50E9-4577-8EC8-D9C3D42DC170}.Debug|Any CPU.ActiveCfg = Debug|Any CPU
		{865406D2-50E9-4577-8EC8-D9C3D42DC170}.Debug|Any CPU.Build.0 = Debug|Any CPU
		{865406D2-50E9-4577-8EC8-D9C3D42DC170}.Release|Any CPU.ActiveCfg = Release|Any CPU
		{865406D2-50E9-4577-8EC8-D9C3D42DC170}.Release|Any CPU.Build.0 = Release|Any CPU
		{C7BB91E8-A075-4256-9E34-CD8F3CE35DD7}.Debug|Any CPU.ActiveCfg = Debug|Any CPU
		{C7BB91E8-A075-4256-9E34-CD8F3CE35DD7}.Debug|Any CPU.Build.0 = Debug|Any CPU
		{C7BB91E8-A075-4256-9E34-CD8F3CE35DD7}.Release|Any CPU.ActiveCfg = Release|Any CPU
		{C7BB91E8-A075-4256-9E34-CD8F3CE35DD7}.Release|Any CPU.Build.0 = Release|Any CPU
		{D70C7CB0-1BF7-44F4-9A77-ABD48071606C}.Debug|Any CPU.ActiveCfg = Debug|Any CPU
		{D70C7CB0-1BF7-44F4-9A77-ABD48071606C}.Debug|Any CPU.Build.0 = Debug|Any CPU
		{D70C7CB0-1BF7-44F4-9A77-ABD48071606C}.Release|Any CPU.ActiveCfg = Release|Any CPU
		{D70C7CB0-1BF7-44F4-9A77-ABD48071606C}.Release|Any CPU.Build.0 = Release|Any CPU
		{E4060E0E-0012-4057-AF06-AE0BA50A913C}.Debug|Any CPU.ActiveCfg = Debug|Any CPU
		{E4060E0E-0012-4057-AF06-AE0BA50A913C}.Debug|Any CPU.Build.0 = Debug|Any CPU
		{E4060E0E-0012-4057-AF06-AE0BA50A913C}.Release|Any CPU.ActiveCfg = Release|Any CPU
		{E4060E0E-0012-4057-AF06-AE0BA50A913C}.Release|Any CPU.Build.0 = Release|Any CPU
		{8227FB59-7486-495F-BF25-8D760439AB86}.Debug|Any CPU.ActiveCfg = Debug|Any CPU
		{8227FB59-7486-495F-BF25-8D760439AB86}.Debug|Any CPU.Build.0 = Debug|Any CPU
		{8227FB59-7486-495F-BF25-8D760439AB86}.Release|Any CPU.ActiveCfg = Release|Any CPU
		{8227FB59-7486-495F-BF25-8D760439AB86}.Release|Any CPU.Build.0 = Release|Any CPU
		{F7AF5276-77D2-459F-B0C8-CFFFE59F1FB6}.Debug|Any CPU.ActiveCfg = Debug|Any CPU
		{F7AF5276-77D2-459F-B0C8-CFFFE59F1FB6}.Debug|Any CPU.Build.0 = Debug|Any CPU
		{F7AF5276-77D2-459F-B0C8-CFFFE59F1FB6}.Release|Any CPU.ActiveCfg = Release|Any CPU
		{F7AF5276-77D2-459F-B0C8-CFFFE59F1FB6}.Release|Any CPU.Build.0 = Release|Any CPU
		{5F1D32CF-7121-4E5E-A99F-F43A06E651BB}.Debug|Any CPU.ActiveCfg = Debug|Any CPU
		{5F1D32CF-7121-4E5E-A99F-F43A06E651BB}.Debug|Any CPU.Build.0 = Debug|Any CPU
		{5F1D32CF-7121-4E5E-A99F-F43A06E651BB}.Release|Any CPU.ActiveCfg = Release|Any CPU
		{5F1D32CF-7121-4E5E-A99F-F43A06E651BB}.Release|Any CPU.Build.0 = Release|Any CPU
		{DA02616F-75DB-442D-9E48-D0C5B20A233D}.Debug|Any CPU.ActiveCfg = Debug|Any CPU
		{DA02616F-75DB-442D-9E48-D0C5B20A233D}.Debug|Any CPU.Build.0 = Debug|Any CPU
		{DA02616F-75DB-442D-9E48-D0C5B20A233D}.Release|Any CPU.ActiveCfg = Release|Any CPU
		{DA02616F-75DB-442D-9E48-D0C5B20A233D}.Release|Any CPU.Build.0 = Release|Any CPU
		{1073876C-A649-444F-B23C-1C35ED6EB853}.Debug|Any CPU.ActiveCfg = Debug|Any CPU
		{1073876C-A649-444F-B23C-1C35ED6EB853}.Debug|Any CPU.Build.0 = Debug|Any CPU
		{1073876C-A649-444F-B23C-1C35ED6EB853}.Release|Any CPU.ActiveCfg = Release|Any CPU
		{1073876C-A649-444F-B23C-1C35ED6EB853}.Release|Any CPU.Build.0 = Release|Any CPU
		{86107A1C-07F9-4E36-A48A-8D35920C757B}.Debug|Any CPU.ActiveCfg = Debug|Any CPU
		{86107A1C-07F9-4E36-A48A-8D35920C757B}.Debug|Any CPU.Build.0 = Debug|Any CPU
		{86107A1C-07F9-4E36-A48A-8D35920C757B}.Release|Any CPU.ActiveCfg = Release|Any CPU
		{86107A1C-07F9-4E36-A48A-8D35920C757B}.Release|Any CPU.Build.0 = Release|Any CPU
		{40AF6EB7-4BB9-44E1-82C6-BAD4602AE529}.Debug|Any CPU.ActiveCfg = Debug|Any CPU
		{40AF6EB7-4BB9-44E1-82C6-BAD4602AE529}.Debug|Any CPU.Build.0 = Debug|Any CPU
		{40AF6EB7-4BB9-44E1-82C6-BAD4602AE529}.Release|Any CPU.ActiveCfg = Release|Any CPU
		{40AF6EB7-4BB9-44E1-82C6-BAD4602AE529}.Release|Any CPU.Build.0 = Release|Any CPU
		{BA8CAC39-C583-4A0F-AD75-86C76EEDB927}.Debug|Any CPU.ActiveCfg = Debug|Any CPU
		{BA8CAC39-C583-4A0F-AD75-86C76EEDB927}.Debug|Any CPU.Build.0 = Debug|Any CPU
		{BA8CAC39-C583-4A0F-AD75-86C76EEDB927}.Release|Any CPU.ActiveCfg = Release|Any CPU
		{BA8CAC39-C583-4A0F-AD75-86C76EEDB927}.Release|Any CPU.Build.0 = Release|Any CPU
		{7668105B-C9FD-1522-1A8C-771967F97B9F}.Debug|Any CPU.ActiveCfg = Debug|Any CPU
		{7668105B-C9FD-1522-1A8C-771967F97B9F}.Debug|Any CPU.Build.0 = Debug|Any CPU
		{7668105B-C9FD-1522-1A8C-771967F97B9F}.Release|Any CPU.ActiveCfg = Release|Any CPU
		{7668105B-C9FD-1522-1A8C-771967F97B9F}.Release|Any CPU.Build.0 = Release|Any CPU
		{2557CD73-9B0F-44C6-A5E6-0764BCB2404F}.Debug|Any CPU.ActiveCfg = Debug|Any CPU
		{2557CD73-9B0F-44C6-A5E6-0764BCB2404F}.Debug|Any CPU.Build.0 = Debug|Any CPU
		{2557CD73-9B0F-44C6-A5E6-0764BCB2404F}.Release|Any CPU.ActiveCfg = Release|Any CPU
		{2557CD73-9B0F-44C6-A5E6-0764BCB2404F}.Release|Any CPU.Build.0 = Release|Any CPU
		{DD60F8A3-3A76-4B58-B27A-5F3D18102DDE}.Debug|Any CPU.ActiveCfg = Debug|Any CPU
		{DD60F8A3-3A76-4B58-B27A-5F3D18102DDE}.Debug|Any CPU.Build.0 = Debug|Any CPU
		{DD60F8A3-3A76-4B58-B27A-5F3D18102DDE}.Release|Any CPU.ActiveCfg = Release|Any CPU
		{DD60F8A3-3A76-4B58-B27A-5F3D18102DDE}.Release|Any CPU.Build.0 = Release|Any CPU
		{C1636A44-0622-4B5F-9D13-EDDE2A43E9B9}.Debug|Any CPU.ActiveCfg = Debug|Any CPU
		{C1636A44-0622-4B5F-9D13-EDDE2A43E9B9}.Debug|Any CPU.Build.0 = Debug|Any CPU
		{C1636A44-0622-4B5F-9D13-EDDE2A43E9B9}.Release|Any CPU.ActiveCfg = Release|Any CPU
		{C1636A44-0622-4B5F-9D13-EDDE2A43E9B9}.Release|Any CPU.Build.0 = Release|Any CPU
		{247756E5-4269-4989-AA81-6EFF488A4266}.Debug|Any CPU.ActiveCfg = Debug|Any CPU
		{247756E5-4269-4989-AA81-6EFF488A4266}.Debug|Any CPU.Build.0 = Debug|Any CPU
		{247756E5-4269-4989-AA81-6EFF488A4266}.Release|Any CPU.ActiveCfg = Release|Any CPU
		{247756E5-4269-4989-AA81-6EFF488A4266}.Release|Any CPU.Build.0 = Release|Any CPU
	EndGlobalSection
	GlobalSection(SolutionProperties) = preSolution
		HideSolutionNode = FALSE
	EndGlobalSection
	GlobalSection(NestedProjects) = preSolution
		{359420E6-514C-4E5B-80E8-58B873BD4924} = {4D9246A6-238E-40FF-953B-11784C4466BD}
		{C963E172-0918-49E5-805D-FE49C8970556} = {359420E6-514C-4E5B-80E8-58B873BD4924}
		{9C1C28C6-6905-41EB-89AF-435027D58A45} = {C963E172-0918-49E5-805D-FE49C8970556}
		{D0B84A11-FDFD-4A3F-96E8-EBB63C19489D} = {C963E172-0918-49E5-805D-FE49C8970556}
		{DB615900-653C-4EBC-9058-139CEC72F85E} = {D0B84A11-FDFD-4A3F-96E8-EBB63C19489D}
		{72FA9DE5-B25D-42A6-B526-C3D347B92623} = {9C1C28C6-6905-41EB-89AF-435027D58A45}
		{F9319509-E221-4E18-86FC-221DFD742EA2} = {359420E6-514C-4E5B-80E8-58B873BD4924}
		{F9616807-9D67-49E8-94BC-FFDE24AD0E82} = {F9319509-E221-4E18-86FC-221DFD742EA2}
		{B62D8DB8-8FB1-486C-971E-D3BAB9BE354A} = {F9319509-E221-4E18-86FC-221DFD742EA2}
		{40ED97AB-7555-4AC1-BD40-CD0B9B78A0C0} = {F9616807-9D67-49E8-94BC-FFDE24AD0E82}
		{3A995408-D107-4D68-870A-F0AE75B88E06} = {B62D8DB8-8FB1-486C-971E-D3BAB9BE354A}
		{2A6A18DB-5203-4EEC-87F0-5DD584016B04} = {4D9246A6-238E-40FF-953B-11784C4466BD}
		{329DF3D6-ACD8-4C9A-BF34-11EDC54D973B} = {4D9246A6-238E-40FF-953B-11784C4466BD}
		{B3C5BE05-5C18-43E5-B0C5-E4CAFD9D5A8F} = {329DF3D6-ACD8-4C9A-BF34-11EDC54D973B}
		{9C014C84-77B9-4F3E-B448-F6903E112D4E} = {2A6A18DB-5203-4EEC-87F0-5DD584016B04}
		{E518B507-223A-4F56-B237-3DF182992D9A} = {2A6A18DB-5203-4EEC-87F0-5DD584016B04}
		{FB47C384-94DF-4F48-9CF4-33BEBBD36745} = {9C014C84-77B9-4F3E-B448-F6903E112D4E}
		{A4FB2553-E538-459F-AE45-07A746058018} = {E518B507-223A-4F56-B237-3DF182992D9A}
		{F37D76DC-9CF1-49DA-9CF5-93CDE72A85CE} = {359420E6-514C-4E5B-80E8-58B873BD4924}
		{7CDF4D8C-E685-4BA7-8A3E-9FA39C7931D5} = {F37D76DC-9CF1-49DA-9CF5-93CDE72A85CE}
		{8271CDD0-CC92-45F6-8786-78EE3DB81F16} = {F37D76DC-9CF1-49DA-9CF5-93CDE72A85CE}
		{DA524C51-8FFB-4336-A2BE-FC4110D4E3AE} = {7CDF4D8C-E685-4BA7-8A3E-9FA39C7931D5}
		{B7D353A1-E98B-4227-86EF-E35E384D8E04} = {8271CDD0-CC92-45F6-8786-78EE3DB81F16}
		{7203D038-BFD5-4567-AB29-BF1F5D9D1185} = {359420E6-514C-4E5B-80E8-58B873BD4924}
		{EB8192AF-9010-45B3-A0A7-9DB339ED97F6} = {7203D038-BFD5-4567-AB29-BF1F5D9D1185}
		{ADA2C037-1F69-4E5D-9EA1-D175502D236E} = {7203D038-BFD5-4567-AB29-BF1F5D9D1185}
		{BCECACC0-1B3E-496F-A5AC-78FF76C53E0C} = {EB8192AF-9010-45B3-A0A7-9DB339ED97F6}
		{03176788-78C7-48A3-A21D-4159187490B7} = {ADA2C037-1F69-4E5D-9EA1-D175502D236E}
		{D4331BE4-415E-4D8D-9B1B-C6150011D52E} = {359420E6-514C-4E5B-80E8-58B873BD4924}
		{F9A03605-6384-459F-91FC-AE0E606F18EA} = {359420E6-514C-4E5B-80E8-58B873BD4924}
		{A24A7B93-7FE8-4999-80CD-60FBA5292E23} = {359420E6-514C-4E5B-80E8-58B873BD4924}
		{21A11554-BC77-4382-8005-C5B37EC5F28F} = {D4331BE4-415E-4D8D-9B1B-C6150011D52E}
		{D8A78EC9-3121-4B46-8639-3E79AD0E52D4} = {D4331BE4-415E-4D8D-9B1B-C6150011D52E}
		{CCC27474-1879-4627-AD58-23AFEC0C87C3} = {A24A7B93-7FE8-4999-80CD-60FBA5292E23}
		{46126D8D-5952-448D-881D-6D838AA1BAD9} = {A24A7B93-7FE8-4999-80CD-60FBA5292E23}
		{21F1B470-B4C1-482C-A62C-B5B78F4B6E36} = {359420E6-514C-4E5B-80E8-58B873BD4924}
		{00C0276C-6534-409C-ADE0-3ACB8EE18D61} = {21F1B470-B4C1-482C-A62C-B5B78F4B6E36}
		{6E4C0F38-8635-4C23-84DA-54E450465C94} = {21F1B470-B4C1-482C-A62C-B5B78F4B6E36}
		{E1B82B1A-CD48-4F11-A5FC-E9A1A33A4D56} = {00C0276C-6534-409C-ADE0-3ACB8EE18D61}
		{EEE26754-4018-43FB-9633-95AB5194F82A} = {6E4C0F38-8635-4C23-84DA-54E450465C94}
		{550F6C2C-0B66-4C3E-B4F0-1B0A63E666BD} = {9C014C84-77B9-4F3E-B448-F6903E112D4E}
		{8A39C01C-FAC3-4045-A64F-577B259A8134} = {21A11554-BC77-4382-8005-C5B37EC5F28F}
		{F84142B0-5AEE-449E-A53B-7234D737F695} = {D8A78EC9-3121-4B46-8639-3E79AD0E52D4}
		{7CE75FB3-5020-49CF-B18B-D1BA88663484} = {CCC27474-1879-4627-AD58-23AFEC0C87C3}
		{ADD94D0E-EEAF-4054-93A6-D5677A6C20E8} = {46126D8D-5952-448D-881D-6D838AA1BAD9}
		{29EA3DF0-A3FD-4A01-B070-068C4A5F47A6} = {F9A03605-6384-459F-91FC-AE0E606F18EA}
		{70241493-D368-4C25-B956-B08AB646B08C} = {F9A03605-6384-459F-91FC-AE0E606F18EA}
		{10478A77-047B-43EC-894A-32AF45A94ACD} = {70241493-D368-4C25-B956-B08AB646B08C}
		{4733CF89-8D13-4879-BDCD-61B8D3603816} = {359420E6-514C-4E5B-80E8-58B873BD4924}
		{8AB6050D-BF5E-4D46-A0A2-E52C665532D3} = {4733CF89-8D13-4879-BDCD-61B8D3603816}
		{C53B2ED6-7AE9-4B7F-84D8-D06D49FB77E9} = {4733CF89-8D13-4879-BDCD-61B8D3603816}
		{764C4D60-E1D8-4126-958D-1D9A6CD61F2C} = {8AB6050D-BF5E-4D46-A0A2-E52C665532D3}
		{6FE685F3-BB17-4A82-BA8F-32B848113316} = {C53B2ED6-7AE9-4B7F-84D8-D06D49FB77E9}
		{8D236C1B-DFFE-4DEA-9D51-F81171AB864B} = {29EA3DF0-A3FD-4A01-B070-068C4A5F47A6}
		{02EA681E-C7D8-13C7-8484-4AC65E1B71E8} = {359420E6-514C-4E5B-80E8-58B873BD4924}
		{56CDDCAA-C44F-48AC-A82B-79EF2095D4C2} = {02EA681E-C7D8-13C7-8484-4AC65E1B71E8}
		{15E42FB8-112F-4714-8A71-49400C5574DC} = {02EA681E-C7D8-13C7-8484-4AC65E1B71E8}
		{A913D57E-9E6F-4911-9868-CBDD04A9B68C} = {359420E6-514C-4E5B-80E8-58B873BD4924}
		{62B2C059-0C2A-4E47-9AA1-7242B36C1925} = {359420E6-514C-4E5B-80E8-58B873BD4924}
		{B97C7C07-DEC4-4F02-A30E-ACA077CC79F1} = {359420E6-514C-4E5B-80E8-58B873BD4924}
		{B6204D3B-A089-4758-A8BD-247743E3EE51} = {A913D57E-9E6F-4911-9868-CBDD04A9B68C}
		{AEC56256-0877-4B55-8642-CAB76EA99E53} = {A913D57E-9E6F-4911-9868-CBDD04A9B68C}
		{BF74F28D-7B8F-4E54-83C5-5C6DA8CBF7D2} = {62B2C059-0C2A-4E47-9AA1-7242B36C1925}
		{41F2BEBE-C394-47F8-82E6-BC7F7F193EB0} = {62B2C059-0C2A-4E47-9AA1-7242B36C1925}
		{9F6196A1-2EF8-49B2-823D-F9C255BEED0C} = {B97C7C07-DEC4-4F02-A30E-ACA077CC79F1}
		{95E6CF85-A76C-4E45-AC01-EDA01E4389EE} = {B97C7C07-DEC4-4F02-A30E-ACA077CC79F1}
		{865406D2-50E9-4577-8EC8-D9C3D42DC170} = {BF74F28D-7B8F-4E54-83C5-5C6DA8CBF7D2}
		{C7BB91E8-A075-4256-9E34-CD8F3CE35DD7} = {41F2BEBE-C394-47F8-82E6-BC7F7F193EB0}
		{D70C7CB0-1BF7-44F4-9A77-ABD48071606C} = {56CDDCAA-C44F-48AC-A82B-79EF2095D4C2}
		{E4060E0E-0012-4057-AF06-AE0BA50A913C} = {15E42FB8-112F-4714-8A71-49400C5574DC}
		{8227FB59-7486-495F-BF25-8D760439AB86} = {B6204D3B-A089-4758-A8BD-247743E3EE51}
		{F7AF5276-77D2-459F-B0C8-CFFFE59F1FB6} = {AEC56256-0877-4B55-8642-CAB76EA99E53}
		{5F1D32CF-7121-4E5E-A99F-F43A06E651BB} = {9F6196A1-2EF8-49B2-823D-F9C255BEED0C}
		{DA02616F-75DB-442D-9E48-D0C5B20A233D} = {95E6CF85-A76C-4E45-AC01-EDA01E4389EE}
		{8BDD02A5-028B-49E6-9BD2-7A8A8ACF7B37} = {4D9246A6-238E-40FF-953B-11784C4466BD}
		{1073876C-A649-444F-B23C-1C35ED6EB853} = {8BDD02A5-028B-49E6-9BD2-7A8A8ACF7B37}
		{86107A1C-07F9-4E36-A48A-8D35920C757B} = {8BDD02A5-028B-49E6-9BD2-7A8A8ACF7B37}
		{40AF6EB7-4BB9-44E1-82C6-BAD4602AE529} = {8BDD02A5-028B-49E6-9BD2-7A8A8ACF7B37}
		{2871185B-2FB2-400F-BC69-EF77C392E4DD} = {359420E6-514C-4E5B-80E8-58B873BD4924}
		{E9E40BD9-EB40-4244-B548-25ECEF1ADC4C} = {2871185B-2FB2-400F-BC69-EF77C392E4DD}
		{B207B629-865B-4B70-9F39-B7944DCBB395} = {2871185B-2FB2-400F-BC69-EF77C392E4DD}
		{BA8CAC39-C583-4A0F-AD75-86C76EEDB927} = {B207B629-865B-4B70-9F39-B7944DCBB395}
		{7668105B-C9FD-1522-1A8C-771967F97B9F} = {E9E40BD9-EB40-4244-B548-25ECEF1ADC4C}
		{D571EF1D-929B-4E3A-8E45-FE5247C65B75} = {359420E6-514C-4E5B-80E8-58B873BD4924}
		{8F687769-7184-479F-B060-66CAB97DECE6} = {D571EF1D-929B-4E3A-8E45-FE5247C65B75}
		{E50227DA-6C23-4D0D-9357-E10BB3B4F9FD} = {D571EF1D-929B-4E3A-8E45-FE5247C65B75}
		{2557CD73-9B0F-44C6-A5E6-0764BCB2404F} = {8F687769-7184-479F-B060-66CAB97DECE6}
		{DD60F8A3-3A76-4B58-B27A-5F3D18102DDE} = {E50227DA-6C23-4D0D-9357-E10BB3B4F9FD}
		{0A5BA4F7-BFF1-4DAB-8CF5-406C633B7988} = {359420E6-514C-4E5B-80E8-58B873BD4924}
		{4A9DB05F-02F5-4864-96DB-621BEE25467C} = {0A5BA4F7-BFF1-4DAB-8CF5-406C633B7988}
		{7345DFF4-FA8B-426B-8979-D5B179B7F4B0} = {0A5BA4F7-BFF1-4DAB-8CF5-406C633B7988}
		{C1636A44-0622-4B5F-9D13-EDDE2A43E9B9} = {4A9DB05F-02F5-4864-96DB-621BEE25467C}
		{247756E5-4269-4989-AA81-6EFF488A4266} = {7345DFF4-FA8B-426B-8979-D5B179B7F4B0}
	EndGlobalSection
	GlobalSection(ExtensibilityGlobals) = postSolution
		SolutionGuid = {CAE00C58-8545-44E1-8651-EC4C26F73BD1}
	EndGlobalSection
EndGlobal
